{
	"name": "uni-admin 基础框架（原名 uniCloud admin）",
	"version": "1.7.13",
	"lockfileVersion": 1,
	"requires": true,
	"dependencies": {
		"@babel/runtime": {
			"version": "7.17.8",
			"resolved": "https://registry.npmjs.org/@babel/runtime/-/runtime-7.17.8.tgz",
			"integrity": "sha512-dQpEpK0O9o6lj6oPu0gRDbbnk+4LeHlNcBpspf6Olzt3GIX4P1lWF1gS+pHLDFlaJvbR6q7jCfQ08zA4QJBnmA==",
			"requires": {
				"regenerator-runtime": "^0.13.4"
			}
		},
		"@babel/runtime-corejs3": {
			"version": "7.17.8",
			"resolved": "https://registry.npmjs.org/@babel/runtime-corejs3/-/runtime-corejs3-7.17.8.tgz",
			"integrity": "sha512-ZbYSUvoSF6dXZmMl/CYTMOvzIFnbGfv4W3SEHYgMvNsFTeLaF2gkGAF4K2ddmtSK4Emej+0aYcnSC6N5dPCXUQ==",
			"requires": {
				"core-js-pure": "^3.20.2",
				"regenerator-runtime": "^0.13.4"
			}
		},
		"@ckeditor/ckeditor5-core": {
			"version": "33.0.0",
			"resolved": "https://registry.npmjs.org/@ckeditor/ckeditor5-core/-/ckeditor5-core-33.0.0.tgz",
			"integrity": "sha512-ciYryUdtckV/lGcmT9cTo5ZG12xpM8k1liMDCHs8tT/J8iq35JwSoiZGM3S9lhXLk7SB7hC2jd2JsugMoEzrFA==",
			"dev": true,
			"requires": {
				"@ckeditor/ckeditor5-engine": "^33.0.0",
				"@ckeditor/ckeditor5-ui": "^33.0.0",
				"@ckeditor/ckeditor5-utils": "^33.0.0",
				"lodash-es": "^4.17.15"
			}
		},
		"@ckeditor/ckeditor5-engine": {
			"version": "33.0.0",
			"resolved": "https://registry.npmjs.org/@ckeditor/ckeditor5-engine/-/ckeditor5-engine-33.0.0.tgz",
			"integrity": "sha512-dZIcj8f80s+4RxJaWZWoxK2E8OHDFGi8FDayqNy65lJp97ks4O5QCYm5N3/RRwaHqFtX0MkiCX0uTAKU6mTXCg==",
			"dev": true,
			"requires": {
				"@ckeditor/ckeditor5-utils": "^33.0.0",
				"lodash-es": "^4.17.15"
			}
		},
		"@ckeditor/ckeditor5-ui": {
			"version": "33.0.0",
			"resolved": "https://registry.npmjs.org/@ckeditor/ckeditor5-ui/-/ckeditor5-ui-33.0.0.tgz",
			"integrity": "sha512-T/H28BpORjciUb8EaYIdkWbDx9jsKqhQmIkx1huEpoMi0HNQcfwqyHEOlfLFZGAupEXLIlO7zmTCxGYbpCmVsQ==",
			"dev": true,
			"requires": {
				"@ckeditor/ckeditor5-core": "^33.0.0",
				"@ckeditor/ckeditor5-utils": "^33.0.0",
				"lodash-es": "^4.17.15"
			}
		},
		"@ckeditor/ckeditor5-utils": {
			"version": "33.0.0",
			"resolved": "https://registry.npmjs.org/@ckeditor/ckeditor5-utils/-/ckeditor5-utils-33.0.0.tgz",
			"integrity": "sha512-6XEv4CPUI86Rmk49BxPe+GoUzVUxJAykKOhhKTRcAa6JfKsFuop/j7rqlGCd87X3rxE3/lpzoamQs5D0WKMW6w==",
			"dev": true,
			"requires": {
				"lodash-es": "^4.17.15"
			}
		},
		"core-js-pure": {
			"version": "3.21.1",
			"resolved": "https://registry.npmjs.org/core-js-pure/-/core-js-pure-3.21.1.tgz",
			"integrity": "sha512-12VZfFIu+wyVbBebyHmRTuEE/tZrB4tJToWcwAMcsp3h4+sHR+fMJWbKpYiCRWlhFBq+KNyO8rIV9rTkeVmznQ=="
		},
		"lodash-es": {
			"version": "4.17.21",
			"resolved": "https://registry.npmjs.org/lodash-es/-/lodash-es-4.17.21.tgz",
			"integrity": "sha512-mKnC+QJ9pWVzv+C4/U3rRsHapFfHvQFoFB92e52xeyGMcX6/OlIl78je1u8vePzYZSkkogMPJ2yjxxsb89cxyw=="
		},
		"regenerator-runtime": {
			"version": "0.13.9",
			"resolved": "https://registry.npmjs.org/regenerator-runtime/-/regenerator-runtime-0.13.9.tgz",
			"integrity": "sha512-p3VT+cOEgxFsRRA9X4lkI1E+k2/CtnKtU4gcxyaCUreilL/vqI6CdZ3wxVUx3UOUg+gnUOQQcRI7BmSI656MYA=="
		},
		"tslib": {
			"version": "2.3.1",
			"resolved": "https://registry.npmjs.org/tslib/-/tslib-2.3.1.tgz",
			"integrity": "sha512-77EbyPPpMz+FRFRuAFlWMtmgUWGe9UOG2Z25NqCwiIjRhOf5iKGuzSe5P2w1laq+FkRy4p+PCuVkJSGkzTEKVw=="
		},
		"wangeditor": {
			"version": "4.7.12",
			"resolved": "https://registry.npmjs.org/wangeditor/-/wangeditor-4.7.12.tgz",
			"integrity": "sha512-5KOIpQ0+idKvDTkjZOp7RHYXA97FyJ9mjwy+zQUdMUCqZItlEXzvVOYtOlHkJr/HcbwgIz/7f/trGFggZK5X4g==",
			"requires": {
				"@babel/runtime": "^7.11.2",
				"@babel/runtime-corejs3": "^7.11.2",
				"tslib": "^2.1.0"
			}
		}
	}
}
