{
	"name": "uni-admin 基础框架（原名 uniCloud admin）",
	"version": "1.7.13",
	"lockfileVersion": 1,
	"requires": true,
	"dependencies": {
		"@babel/runtime": {
			"version": "7.18.6",
			"resolved": "https://registry.npmmirror.com/@babel/runtime/-/runtime-7.18.6.tgz",
			"integrity": "sha512-t9wi7/AW6XtKahAe20Yw0/mMljKq0B1r2fPdvaAdV/KPDZewFXdaaa6K7lxmZBZ8FBNpCiAT6iHPmd6QO9bKfQ==",
			"requires": {
				"regenerator-runtime": "^0.13.4"
			}
		},
		"@babel/runtime-corejs3": {
			"version": "7.18.6",
			"resolved": "https://registry.npmmirror.com/@babel/runtime-corejs3/-/runtime-corejs3-7.18.6.tgz",
			"integrity": "sha512-cOu5wH2JFBgMjje+a+fz2JNIWU4GzYpl05oSob3UDvBEh6EuIn+TXFHMmBbhSb+k/4HMzgKCQfEEDArAWNF9Cw==",
			"requires": {
				"core-js-pure": "^3.20.2",
				"regenerator-runtime": "^0.13.4"
			}
		},
		"@ckeditor/ckeditor5-core": {
			"version": "33.0.0",
			"resolved": "https://registry.npmjs.org/@ckeditor/ckeditor5-core/-/ckeditor5-core-33.0.0.tgz",
			"integrity": "sha512-ciYryUdtckV/lGcmT9cTo5ZG12xpM8k1liMDCHs8tT/J8iq35JwSoiZGM3S9lhXLk7SB7hC2jd2JsugMoEzrFA==",
			"requires": {
				"@ckeditor/ckeditor5-engine": "^33.0.0",
				"@ckeditor/ckeditor5-ui": "^33.0.0",
				"@ckeditor/ckeditor5-utils": "^33.0.0",
				"lodash-es": "^4.17.15"
			}
		},
		"@ckeditor/ckeditor5-engine": {
			"version": "33.0.0",
			"resolved": "https://registry.npmjs.org/@ckeditor/ckeditor5-engine/-/ckeditor5-engine-33.0.0.tgz",
			"integrity": "sha512-dZIcj8f80s+4RxJaWZWoxK2E8OHDFGi8FDayqNy65lJp97ks4O5QCYm5N3/RRwaHqFtX0MkiCX0uTAKU6mTXCg==",
			"requires": {
				"@ckeditor/ckeditor5-utils": "^33.0.0",
				"lodash-es": "^4.17.15"
			}
		},
		"@ckeditor/ckeditor5-ui": {
			"version": "33.0.0",
			"resolved": "https://registry.npmjs.org/@ckeditor/ckeditor5-ui/-/ckeditor5-ui-33.0.0.tgz",
			"integrity": "sha512-T/H28BpORjciUb8EaYIdkWbDx9jsKqhQmIkx1huEpoMi0HNQcfwqyHEOlfLFZGAupEXLIlO7zmTCxGYbpCmVsQ==",
			"requires": {
				"@ckeditor/ckeditor5-core": "^33.0.0",
				"@ckeditor/ckeditor5-utils": "^33.0.0",
				"lodash-es": "^4.17.15"
			}
		},
		"@ckeditor/ckeditor5-utils": {
			"version": "33.0.0",
			"resolved": "https://registry.npmjs.org/@ckeditor/ckeditor5-utils/-/ckeditor5-utils-33.0.0.tgz",
			"integrity": "sha512-6XEv4CPUI86Rmk49BxPe+GoUzVUxJAykKOhhKTRcAa6JfKsFuop/j7rqlGCd87X3rxE3/lpzoamQs5D0WKMW6w==",
			"requires": {
				"lodash-es": "^4.17.15"
			}
		},
		"core-js-pure": {
			"version": "3.23.4",
			"resolved": "https://registry.npmmirror.com/core-js-pure/-/core-js-pure-3.23.4.tgz",
			"integrity": "sha512-lizxkcgj3XDmi7TUBFe+bQ1vNpD5E4t76BrBWI3HdUxdw/Mq1VF4CkiHzIKyieECKtcODK2asJttoofEeUKICQ=="
		},
		"d": {
			"version": "1.0.1",
			"resolved": "https://registry.npmjs.org/d/-/d-1.0.1.tgz",
			"integrity": "sha512-m62ShEObQ39CfralilEQRjH6oAMtNCV1xJyEx5LpRYUVN+EviphDgUc/F3hnYbADmkiNs67Y+3ylmlG7Lnu+FA==",
			"requires": {
				"es5-ext": "^0.10.50",
				"type": "^1.0.1"
			}
		},
		"es5-ext": {
			"version": "0.10.61",
			"resolved": "https://registry.npmjs.org/es5-ext/-/es5-ext-0.10.61.tgz",
			"integrity": "sha512-yFhIqQAzu2Ca2I4SE2Au3rxVfmohU9Y7wqGR+s7+H7krk26NXhIRAZDgqd6xqjCEFUomDEA3/Bo/7fKmIkW1kA==",
			"requires": {
				"es6-iterator": "^2.0.3",
				"es6-symbol": "^3.1.3",
				"next-tick": "^1.1.0"
			}
		},
		"es6-iterator": {
			"version": "2.0.3",
			"resolved": "https://registry.npmjs.org/es6-iterator/-/es6-iterator-2.0.3.tgz",
			"integrity": "sha512-zw4SRzoUkd+cl+ZoE15A9o1oQd920Bb0iOJMQkQhl3jNc03YqVjAhG7scf9C5KWRU/R13Orf588uCC6525o02g==",
			"requires": {
				"d": "1",
				"es5-ext": "^0.10.35",
				"es6-symbol": "^3.1.1"
			}
		},
		"es6-symbol": {
			"version": "3.1.3",
			"resolved": "https://registry.npmjs.org/es6-symbol/-/es6-symbol-3.1.3.tgz",
			"integrity": "sha512-NJ6Yn3FuDinBaBRWl/q5X/s4koRHBrgKAu+yGI6JCBeiu3qrcbJhwT2GeR/EXVfylRk8dpQVJoLEFhK+Mu31NA==",
			"requires": {
				"d": "^1.0.1",
				"ext": "^1.1.2"
			}
		},
		"ext": {
			"version": "1.6.0",
			"resolved": "https://registry.npmjs.org/ext/-/ext-1.6.0.tgz",
			"integrity": "sha512-sdBImtzkq2HpkdRLtlLWDa6w4DX22ijZLKx8BMPUuKe1c5lbN6xwQDQCxSfxBQnHZ13ls/FH0MQZx/q/gr6FQg==",
			"requires": {
				"type": "^2.5.0"
			},
			"dependencies": {
				"type": {
					"version": "2.6.0",
					"resolved": "https://registry.npmjs.org/type/-/type-2.6.0.tgz",
					"integrity": "sha512-eiDBDOmkih5pMbo9OqsqPRGMljLodLcwd5XD5JbtNB0o89xZAwynY9EdCDsJU7LtcVCClu9DvM7/0Ep1hYX3EQ=="
				}
			}
		},
		"lodash-es": {
			"version": "4.17.21",
			"resolved": "https://registry.npmjs.org/lodash-es/-/lodash-es-4.17.21.tgz",
			"integrity": "sha512-mKnC+QJ9pWVzv+C4/U3rRsHapFfHvQFoFB92e52xeyGMcX6/OlIl78je1u8vePzYZSkkogMPJ2yjxxsb89cxyw=="
		},
		"next-tick": {
			"version": "1.1.0",
			"resolved": "https://registry.npmjs.org/next-tick/-/next-tick-1.1.0.tgz",
			"integrity": "sha512-CXdUiJembsNjuToQvxayPZF9Vqht7hewsvy2sOWafLvi2awflj9mOC6bHIg50orX8IJvWKY9wYQ/zB2kogPslQ=="
		},
		"regenerator-runtime": {
			"version": "0.13.9",
			"resolved": "https://registry.npmmirror.com/regenerator-runtime/-/regenerator-runtime-0.13.9.tgz",
			"integrity": "sha512-p3VT+cOEgxFsRRA9X4lkI1E+k2/CtnKtU4gcxyaCUreilL/vqI6CdZ3wxVUx3UOUg+gnUOQQcRI7BmSI656MYA=="
		},
		"tslib": {
			"version": "2.4.0",
			"resolved": "https://registry.npmmirror.com/tslib/-/tslib-2.4.0.tgz",
			"integrity": "sha512-d6xOpEDfsi2CZVlPQzGeux8XMwLT9hssAsaPYExaQMuYskwb+x1x7J371tWlbBdWHroy99KnVB6qIkUbs5X3UQ=="
		},
		"type": {
			"version": "1.2.0",
			"resolved": "https://registry.npmjs.org/type/-/type-1.2.0.tgz",
			"integrity": "sha512-+5nt5AAniqsCnu2cEQQdpzCAh33kVx8n0VoFidKpB1dVVLAN/F+bgVOqOJqOnEnrhp222clB5p3vUlD+1QAnfg=="
		}
	}
}
